
Microsoft Visual Studio Solution File, Format Version 12.00
# Visual Studio Version 16
VisualStudioVersion = 16.0.29519.87
MinimumVisualStudioVersion = 10.0.40219.1
Project("{FAE04EC0-301F-11D3-BF4B-00C04F79EFBC}") = "CotizacionMonedaNetCore.Api", "CotizacionMonedaNetCore.Api\CotizacionMonedaNetCore.Api.csproj", "{7677D71C-7EBF-4590-8F33-650F0EF78B0A}"
EndProject
Global
	GlobalSection(SolutionConfigurationPlatforms) = preSolution
		Debug|Any CPU = Debug|Any CPU
		Release|Any CPU = Release|Any CPU
	EndGlobalSection
	GlobalSection(ProjectConfigurationPlatforms) = postSolution
		{7677D71C-7EBF-4590-8F33-650F0EF78B0A}.Debug|Any CPU.ActiveCfg = Debug|Any CPU
		{7677D71C-7EBF-4590-8F33-650F0EF78B0A}.Debug|Any CPU.Build.0 = Debug|Any CPU
		{7677D71C-7EBF-4590-8F33-650F0EF78B0A}.Release|Any CPU.ActiveCfg = Release|Any CPU
		{7677D71C-7EBF-4590-8F33-650F0EF78B0A}.Release|Any CPU.Build.0 = Release|Any CPU
	EndGlobalSection
	GlobalSection(SolutionProperties) = preSolution
		HideSolutionNode = FALSE
	EndGlobalSection
	GlobalSection(ExtensibilityGlobals) = postSolution
		SolutionGuid = {40485978-71AF-45B0-8737-A0EFBD78D0CD}
	EndGlobalSection
EndGlobal
